
Microsoft Visual Studio Solution File, Format Version 12.00
# Visual Studio Version 17
VisualStudioVersion = 17.14.36109.1 d17.14
MinimumVisualStudioVersion = 10.0.40219.1
Project("{FAE04EC0-301F-11D3-BF4B-00C04F79EFBC}") = "SitefinityWebApp", "SitefinityWebApp\SitefinityWebApp.csproj", "{F8B7C116-5926-410E-833C-671343EB95F6}"
EndProject
Global
	GlobalSection(SolutionConfigurationPlatforms) = preSolution
		Debug|Any CPU = Debug|Any CPU
		Release|Any CPU = Release|Any CPU
	EndGlobalSection
	GlobalSection(ProjectConfigurationPlatforms) = postSolution
		{F8B7C116-5926-410E-833C-671343EB95F6}.Debug|Any CPU.ActiveCfg = Debug|Any CPU
		{F8B7C116-5926-410E-833C-671343EB95F6}.Debug|Any CPU.Build.0 = Debug|Any CPU
		{F8B7C116-5926-410E-833C-671343EB95F6}.Release|Any CPU.ActiveCfg = Release|Any CPU
		{F8B7C116-5926-410E-833C-671343EB95F6}.Release|Any CPU.Build.0 = Release|Any CPU
	EndGlobalSection
	GlobalSection(SolutionProperties) = preSolution
		HideSolutionNode = FALSE
	EndGlobalSection
	GlobalSection(ExtensibilityGlobals) = postSolution
		SolutionGuid = {3F9AA57A-4B44-4BB2-870A-E3A2D554E478}
	EndGlobalSection
EndGlobal
